
Microsoft Visual Studio Solution File, Format Version 12.00
# Visual Studio Version 17
VisualStudioVersion = 17.3.32929.385
MinimumVisualStudioVersion = 10.0.40219.1
Project("{F184B08F-C81C-45F6-A57F-5ABD9991F28F}") = "PunchDemo", "PunchDemo.vbproj", "{8FED9F47-F17A-4D83-9031-6626E5318476}"
EndProject
Project("{2150E333-8FDC-42A3-9474-1A3956D46DE8}") = "Solution Items", "Solution Items", "{D2E8B117-9928-4154-8BF6-8E0DDD6DECDF}"
	ProjectSection(SolutionItems) = preProject
		.editorconfig = .editorconfig
	EndProjectSection
EndProject
Global
	GlobalSection(SolutionConfigurationPlatforms) = preSolution
		Debug|Any CPU = Debug|Any CPU
		Debug|x64 = Debug|x64
		Debug|x86 = Debug|x86
		Release|Any CPU = Release|Any CPU
		Release|x64 = Release|x64
		Release|x86 = Release|x86
	EndGlobalSection
	GlobalSection(ProjectConfigurationPlatforms) = postSolution
		{8FED9F47-F17A-4D83-9031-6626E5318476}.Debug|Any CPU.ActiveCfg = Debug|Any CPU
		{8FED9F47-F17A-4D83-9031-6626E5318476}.Debug|Any CPU.Build.0 = Debug|Any CPU
		{8FED9F47-F17A-4D83-9031-6626E5318476}.Debug|x64.ActiveCfg = Debug|x64
		{8FED9F47-F17A-4D83-9031-6626E5318476}.Debug|x64.Build.0 = Debug|x64
		{8FED9F47-F17A-4D83-9031-6626E5318476}.Debug|x86.ActiveCfg = Debug|x86
		{8FED9F47-F17A-4D83-9031-6626E5318476}.Debug|x86.Build.0 = Debug|x86
		{8FED9F47-F17A-4D83-9031-6626E5318476}.Release|Any CPU.ActiveCfg = Release|Any CPU
		{8FED9F47-F17A-4D83-9031-6626E5318476}.Release|Any CPU.Build.0 = Release|Any CPU
		{8FED9F47-F17A-4D83-9031-6626E5318476}.Release|x64.ActiveCfg = Release|x64
		{8FED9F47-F17A-4D83-9031-6626E5318476}.Release|x64.Build.0 = Release|x64
		{8FED9F47-F17A-4D83-9031-6626E5318476}.Release|x86.ActiveCfg = Release|x86
		{8FED9F47-F17A-4D83-9031-6626E5318476}.Release|x86.Build.0 = Release|x86
	EndGlobalSection
	GlobalSection(SolutionProperties) = preSolution
		HideSolutionNode = FALSE
	EndGlobalSection
	GlobalSection(ExtensibilityGlobals) = postSolution
		SolutionGuid = {9AF0CD2C-DF16-4D55-B05D-BD9394224A74}
	EndGlobalSection
EndGlobal
